
Microsoft Visual Studio Solution File, Format Version 12.00
# Visual Studio Version 17
VisualStudioVersion = 17.1.32421.90
MinimumVisualStudioVersion = 10.0.40219.1
Project("{8BC9CEB8-8B4A-11D0-8D11-00A0C91BC942}") = "M23ObjectRegion", "M23ObjectRegion.vcxproj", "{177A0D59-60A1-41BF-891B-2E07A2DE6A34}"
EndProject
Global
	GlobalSection(SolutionConfigurationPlatforms) = preSolution
		Debug|x64 = Debug|x64
		Debug|x86 = Debug|x86
		Release|x64 = Release|x64
		Release|x86 = Release|x86
	EndGlobalSection
	GlobalSection(ProjectConfigurationPlatforms) = postSolution
		{177A0D59-60A1-41BF-891B-2E07A2DE6A34}.Debug|x64.ActiveCfg = Debug|x64
		{177A0D59-60A1-41BF-891B-2E07A2DE6A34}.Debug|x64.Build.0 = Debug|x64
		{177A0D59-60A1-41BF-891B-2E07A2DE6A34}.Debug|x86.ActiveCfg = Debug|Win32
		{177A0D59-60A1-41BF-891B-2E07A2DE6A34}.Debug|x86.Build.0 = Debug|Win32
		{177A0D59-60A1-41BF-891B-2E07A2DE6A34}.Release|x64.ActiveCfg = Release|x64
		{177A0D59-60A1-41BF-891B-2E07A2DE6A34}.Release|x64.Build.0 = Release|x64
		{177A0D59-60A1-41BF-891B-2E07A2DE6A34}.Release|x86.ActiveCfg = Release|Win32
		{177A0D59-60A1-41BF-891B-2E07A2DE6A34}.Release|x86.Build.0 = Release|Win32
	EndGlobalSection
	GlobalSection(SolutionProperties) = preSolution
		HideSolutionNode = FALSE
	EndGlobalSection
	GlobalSection(ExtensibilityGlobals) = postSolution
		SolutionGuid = {B155984E-F8EE-4F73-A46A-23D14860F89C}
	EndGlobalSection
EndGlobal
