
Microsoft Visual Studio Solution File, Format Version 12.00
# Visual Studio Version 17
VisualStudioVersion = 17.1.32421.90
MinimumVisualStudioVersion = 10.0.40219.1
Project("{8BC9CEB8-8B4A-11D0-8D11-00A0C91BC942}") = "M14MemDC", "M14MemDC.vcxproj", "{DA97D47F-AAEF-422D-B343-56CBFC298C15}"
EndProject
Global
	GlobalSection(SolutionConfigurationPlatforms) = preSolution
		Debug|x64 = Debug|x64
		Debug|x86 = Debug|x86
		Release|x64 = Release|x64
		Release|x86 = Release|x86
	EndGlobalSection
	GlobalSection(ProjectConfigurationPlatforms) = postSolution
		{DA97D47F-AAEF-422D-B343-56CBFC298C15}.Debug|x64.ActiveCfg = Debug|x64
		{DA97D47F-AAEF-422D-B343-56CBFC298C15}.Debug|x64.Build.0 = Debug|x64
		{DA97D47F-AAEF-422D-B343-56CBFC298C15}.Debug|x86.ActiveCfg = Debug|Win32
		{DA97D47F-AAEF-422D-B343-56CBFC298C15}.Debug|x86.Build.0 = Debug|Win32
		{DA97D47F-AAEF-422D-B343-56CBFC298C15}.Release|x64.ActiveCfg = Release|x64
		{DA97D47F-AAEF-422D-B343-56CBFC298C15}.Release|x64.Build.0 = Release|x64
		{DA97D47F-AAEF-422D-B343-56CBFC298C15}.Release|x86.ActiveCfg = Release|Win32
		{DA97D47F-AAEF-422D-B343-56CBFC298C15}.Release|x86.Build.0 = Release|Win32
	EndGlobalSection
	GlobalSection(SolutionProperties) = preSolution
		HideSolutionNode = FALSE
	EndGlobalSection
	GlobalSection(ExtensibilityGlobals) = postSolution
		SolutionGuid = {C0440D3E-CE68-4E54-9ECA-D8ACE3519CF7}
	EndGlobalSection
EndGlobal
